<Solution>
  <Project Path="Votify.shared/Votify.shared.csproj" Id="9d0fa93e-a10a-4484-8d9f-4bc808055595" />
  <Project Path="VotifyIU.Client/VotifyIU.Client.csproj" Id="ca2de7f8-2f5f-4d8c-a415-a5481a4d8995" />
  <Project Path="VotifyIU/VotifyIU.csproj" Id="568072a8-43f5-42e2-b499-6a1bf8e9abd9" />
  <Project Path="Votify.csproj" />
</Solution>
